
Microsoft Visual Studio Solution File, Format Version 12.00
# Visual Studio Version 17
VisualStudioVersion = 17.0.31919.166
MinimumVisualStudioVersion = 10.0.40219.1
Project("{FAE04EC0-301F-11D3-BF4B-00C04F79EFBC}") = "Lab6.1", "Lab6.1\Lab6.1.csproj", "{2F2D5FAE-7B1C-4AD1-9E5B-9B63BC91CC2B}"
EndProject
Project("{FAE04EC0-301F-11D3-BF4B-00C04F79EFBC}") = "Lab6.2", "Lab6.2\Lab6.2.csproj", "{22F3F35C-2F5F-4717-8A9B-F1FF7E1ADD6E}"
EndProject
Global
	GlobalSection(SolutionConfigurationPlatforms) = preSolution
		Debug|Any CPU = Debug|Any CPU
		Release|Any CPU = Release|Any CPU
	EndGlobalSection
	GlobalSection(ProjectConfigurationPlatforms) = postSolution
		{2F2D5FAE-7B1C-4AD1-9E5B-9B63BC91CC2B}.Debug|Any CPU.ActiveCfg = Debug|Any CPU
		{2F2D5FAE-7B1C-4AD1-9E5B-9B63BC91CC2B}.Debug|Any CPU.Build.0 = Debug|Any CPU
		{2F2D5FAE-7B1C-4AD1-9E5B-9B63BC91CC2B}.Release|Any CPU.ActiveCfg = Release|Any CPU
		{2F2D5FAE-7B1C-4AD1-9E5B-9B63BC91CC2B}.Release|Any CPU.Build.0 = Release|Any CPU
		{22F3F35C-2F5F-4717-8A9B-F1FF7E1ADD6E}.Debug|Any CPU.ActiveCfg = Debug|Any CPU
		{22F3F35C-2F5F-4717-8A9B-F1FF7E1ADD6E}.Debug|Any CPU.Build.0 = Debug|Any CPU
		{22F3F35C-2F5F-4717-8A9B-F1FF7E1ADD6E}.Release|Any CPU.ActiveCfg = Release|Any CPU
		{22F3F35C-2F5F-4717-8A9B-F1FF7E1ADD6E}.Release|Any CPU.Build.0 = Release|Any CPU
	EndGlobalSection
	GlobalSection(SolutionProperties) = preSolution
		HideSolutionNode = FALSE
	EndGlobalSection
	GlobalSection(ExtensibilityGlobals) = postSolution
		SolutionGuid = {31817DFF-4D75-4DD9-868B-3BC28E6E0E49}
	EndGlobalSection
EndGlobal
